// !$*UTF8*$!
{
	archiveVersion = 1;
	classes = {
	};
	objectVersion = 55;
	objects = {

/* Begin PBXBuildFile section */
		AD293E5D278430D600508A90 /* Wi_FiPasswordApp.swift in Sources */ = {isa = PBXBuildFile; fileRef = AD293E5C278430D500508A90 /* Wi_FiPasswordApp.swift */; };
		AD293E5F278430D600508A90 /* ContentView.swift in Sources */ = {isa = PBXBuildFile; fileRef = AD293E5E278430D600508A90 /* ContentView.swift */; };
		AD293E61278430D700508A90 /* Assets.xcassets in Resources */ = {isa = PBXBuildFile; fileRef = AD293E60278430D700508A90 /* Assets.xcassets */; };
		AD293E64278430D700508A90 /* Preview Assets.xcassets in Resources */ = {isa = PBXBuildFile; fileRef = AD293E63278430D700508A90 /* Preview Assets.xcassets */; };
		AD293E6F278430D800508A90 /* Wi_FiPasswordTests.swift in Sources */ = {isa = PBXBuildFile; fileRef = AD293E6E278430D800508A90 /* Wi_FiPasswordTests.swift */; };
		AD293E79278430D800508A90 /* Wi_FiPasswordUITests.swift in Sources */ = {isa = PBXBuildFile; fileRef = AD293E78278430D800508A90 /* Wi_FiPasswordUITests.swift */; };
		AD293E7B278430D800508A90 /* Wi_FiPasswordUITestsLaunchTests.swift in Sources */ = {isa = PBXBuildFile; fileRef = AD293E7A278430D800508A90 /* Wi_FiPasswordUITestsLaunchTests.swift */; };
		AD293E8A27846CBB00508A90 /* AppError.swift in Sources */ = {isa = PBXBuildFile; fileRef = AD293E8927846CBB00508A90 /* AppError.swift */; };
		AD293E8B27846CBB00508A90 /* AppError.swift in Sources */ = {isa = PBXBuildFile; fileRef = AD293E8927846CBB00508A90 /* AppError.swift */; };
		AD293E8C27846CBB00508A90 /* AppError.swift in Sources */ = {isa = PBXBuildFile; fileRef = AD293E8927846CBB00508A90 /* AppError.swift */; };
		AD293E8E27846ECC00508A90 /* WiFiHelper.swift in Sources */ = {isa = PBXBuildFile; fileRef = AD293E8D27846ECB00508A90 /* WiFiHelper.swift */; };
		AD293E8F27846ECC00508A90 /* WiFiHelper.swift in Sources */ = {isa = PBXBuildFile; fileRef = AD293E8D27846ECB00508A90 /* WiFiHelper.swift */; };
		AD293E9027846ECC00508A90 /* WiFiHelper.swift in Sources */ = {isa = PBXBuildFile; fileRef = AD293E8D27846ECB00508A90 /* WiFiHelper.swift */; };
		AD293E9227846F4000508A90 /* QRCode.swift in Sources */ = {isa = PBXBuildFile; fileRef = AD293E9127846F4000508A90 /* QRCode.swift */; };
		AD293E9327846F4000508A90 /* QRCode.swift in Sources */ = {isa = PBXBuildFile; fileRef = AD293E9127846F4000508A90 /* QRCode.swift */; };
		AD293E9427846F4000508A90 /* QRCode.swift in Sources */ = {isa = PBXBuildFile; fileRef = AD293E9127846F4000508A90 /* QRCode.swift */; };
		AD293E962784713800508A90 /* Functions.swift in Sources */ = {isa = PBXBuildFile; fileRef = AD293E952784713800508A90 /* Functions.swift */; };
		AD293E972784713800508A90 /* Functions.swift in Sources */ = {isa = PBXBuildFile; fileRef = AD293E952784713800508A90 /* Functions.swift */; };
		AD293E982784713800508A90 /* Functions.swift in Sources */ = {isa = PBXBuildFile; fileRef = AD293E952784713800508A90 /* Functions.swift */; };
		AD293E9B278478C100508A90 /* WiFiInfoView.swift in Sources */ = {isa = PBXBuildFile; fileRef = AD293E9A278478C100508A90 /* WiFiInfoView.swift */; };
		AD293E9C278478C100508A90 /* WiFiInfoView.swift in Sources */ = {isa = PBXBuildFile; fileRef = AD293E9A278478C100508A90 /* WiFiInfoView.swift */; };
		AD293E9D278478C100508A90 /* WiFiInfoView.swift in Sources */ = {isa = PBXBuildFile; fileRef = AD293E9A278478C100508A90 /* WiFiInfoView.swift */; };
		AD293E9F2785835C00508A90 /* SizePreferenceKey.swift in Sources */ = {isa = PBXBuildFile; fileRef = AD293E9E2785835C00508A90 /* SizePreferenceKey.swift */; };
		AD293EA02785835C00508A90 /* SizePreferenceKey.swift in Sources */ = {isa = PBXBuildFile; fileRef = AD293E9E2785835C00508A90 /* SizePreferenceKey.swift */; };
		AD293EA12785835C00508A90 /* SizePreferenceKey.swift in Sources */ = {isa = PBXBuildFile; fileRef = AD293E9E2785835C00508A90 /* SizePreferenceKey.swift */; };
		AD293EA42785854600508A90 /* View+Snapshot.swift in Sources */ = {isa = PBXBuildFile; fileRef = AD293EA32785854600508A90 /* View+Snapshot.swift */; };
		AD293EA52785854600508A90 /* View+Snapshot.swift in Sources */ = {isa = PBXBuildFile; fileRef = AD293EA32785854600508A90 /* View+Snapshot.swift */; };
		AD293EA62785854600508A90 /* View+Snapshot.swift in Sources */ = {isa = PBXBuildFile; fileRef = AD293EA32785854600508A90 /* View+Snapshot.swift */; };
		AD293EA82785879800508A90 /* NSImage+Extension.swift in Sources */ = {isa = PBXBuildFile; fileRef = AD293EA72785879800508A90 /* NSImage+Extension.swift */; };
		AD293EA92785879800508A90 /* NSImage+Extension.swift in Sources */ = {isa = PBXBuildFile; fileRef = AD293EA72785879800508A90 /* NSImage+Extension.swift */; };
		AD293EAA2785879800508A90 /* NSImage+Extension.swift in Sources */ = {isa = PBXBuildFile; fileRef = AD293EA72785879800508A90 /* NSImage+Extension.swift */; };
/* End PBXBuildFile section */

/* Begin PBXContainerItemProxy section */
		AD293E6B278430D800508A90 /* PBXContainerItemProxy */ = {
			isa = PBXContainerItemProxy;
			containerPortal = AD293E51278430D500508A90 /* Project object */;
			proxyType = 1;
			remoteGlobalIDString = AD293E58278430D500508A90;
			remoteInfo = "Wi-FiPassword";
		};
		AD293E75278430D800508A90 /* PBXContainerItemProxy */ = {
			isa = PBXContainerItemProxy;
			containerPortal = AD293E51278430D500508A90 /* Project object */;
			proxyType = 1;
			remoteGlobalIDString = AD293E58278430D500508A90;
			remoteInfo = "Wi-FiPassword";
		};
/* End PBXContainerItemProxy section */

/* Begin PBXFileReference section */
		AD293E59278430D500508A90 /* Wi-FiPassword.app */ = {isa = PBXFileReference; explicitFileType = wrapper.application; includeInIndex = 0; path = "Wi-FiPassword.app"; sourceTree = BUILT_PRODUCTS_DIR; };
		AD293E5C278430D500508A90 /* Wi_FiPasswordApp.swift */ = {isa = PBXFileReference; lastKnownFileType = sourcecode.swift; path = Wi_FiPasswordApp.swift; sourceTree = "<group>"; };
		AD293E5E278430D600508A90 /* ContentView.swift */ = {isa = PBXFileReference; lastKnownFileType = sourcecode.swift; path = ContentView.swift; sourceTree = "<group>"; };
		AD293E60278430D700508A90 /* Assets.xcassets */ = {isa = PBXFileReference; lastKnownFileType = folder.assetcatalog; path = Assets.xcassets; sourceTree = "<group>"; };
		AD293E63278430D700508A90 /* Preview Assets.xcassets */ = {isa = PBXFileReference; lastKnownFileType = folder.assetcatalog; path = "Preview Assets.xcassets"; sourceTree = "<group>"; };
		AD293E65278430D700508A90 /* Wi_FiPassword.entitlements */ = {isa = PBXFileReference; lastKnownFileType = text.plist.entitlements; path = Wi_FiPassword.entitlements; sourceTree = "<group>"; };
		AD293E6A278430D800508A90 /* Wi-FiPasswordTests.xctest */ = {isa = PBXFileReference; explicitFileType = wrapper.cfbundle; includeInIndex = 0; path = "Wi-FiPasswordTests.xctest"; sourceTree = BUILT_PRODUCTS_DIR; };
		AD293E6E278430D800508A90 /* Wi_FiPasswordTests.swift */ = {isa = PBXFileReference; lastKnownFileType = sourcecode.swift; path = Wi_FiPasswordTests.swift; sourceTree = "<group>"; };
		AD293E74278430D800508A90 /* Wi-FiPasswordUITests.xctest */ = {isa = PBXFileReference; explicitFileType = wrapper.cfbundle; includeInIndex = 0; path = "Wi-FiPasswordUITests.xctest"; sourceTree = BUILT_PRODUCTS_DIR; };
		AD293E78278430D800508A90 /* Wi_FiPasswordUITests.swift */ = {isa = PBXFileReference; lastKnownFileType = sourcecode.swift; path = Wi_FiPasswordUITests.swift; sourceTree = "<group>"; };
		AD293E7A278430D800508A90 /* Wi_FiPasswordUITestsLaunchTests.swift */ = {isa = PBXFileReference; lastKnownFileType = sourcecode.swift; path = Wi_FiPasswordUITestsLaunchTests.swift; sourceTree = "<group>"; };
		AD293E87278469ED00508A90 /* Info.plist */ = {isa = PBXFileReference; lastKnownFileType = text.plist; path = Info.plist; sourceTree = "<group>"; };
		AD293E8927846CBB00508A90 /* AppError.swift */ = {isa = PBXFileReference; lastKnownFileType = sourcecode.swift; path = AppError.swift; sourceTree = "<group>"; };
		AD293E8D27846ECB00508A90 /* WiFiHelper.swift */ = {isa = PBXFileReference; lastKnownFileType = sourcecode.swift; path = WiFiHelper.swift; sourceTree = "<group>"; };
		AD293E9127846F4000508A90 /* QRCode.swift */ = {isa = PBXFileReference; lastKnownFileType = sourcecode.swift; path = QRCode.swift; sourceTree = "<group>"; };
		AD293E952784713800508A90 /* Functions.swift */ = {isa = PBXFileReference; lastKnownFileType = sourcecode.swift; path = Functions.swift; sourceTree = "<group>"; };
		AD293E9A278478C100508A90 /* WiFiInfoView.swift */ = {isa = PBXFileReference; lastKnownFileType = sourcecode.swift; path = WiFiInfoView.swift; sourceTree = "<group>"; };
		AD293E9E2785835C00508A90 /* SizePreferenceKey.swift */ = {isa = PBXFileReference; lastKnownFileType = sourcecode.swift; path = SizePreferenceKey.swift; sourceTree = "<group>"; };
		AD293EA32785854600508A90 /* View+Snapshot.swift */ = {isa = PBXFileReference; lastKnownFileType = sourcecode.swift; path = "View+Snapshot.swift"; sourceTree = "<group>"; };
		AD293EA72785879800508A90 /* NSImage+Extension.swift */ = {isa = PBXFileReference; lastKnownFileType = sourcecode.swift; path = "NSImage+Extension.swift"; sourceTree = "<group>"; };
/* End PBXFileReference section */

/* Begin PBXFrameworksBuildPhase section */
		AD293E56278430D500508A90 /* Frameworks */ = {
			isa = PBXFrameworksBuildPhase;
			buildActionMask = 2147483647;
			files = (
			);
			runOnlyForDeploymentPostprocessing = 0;
		};
		AD293E67278430D800508A90 /* Frameworks */ = {
			isa = PBXFrameworksBuildPhase;
			buildActionMask = 2147483647;
			files = (
			);
			runOnlyForDeploymentPostprocessing = 0;
		};
		AD293E71278430D800508A90 /* Frameworks */ = {
			isa = PBXFrameworksBuildPhase;
			buildActionMask = 2147483647;
			files = (
			);
			runOnlyForDeploymentPostprocessing = 0;
		};
/* End PBXFrameworksBuildPhase section */

/* Begin PBXGroup section */
		AD293E50278430D500508A90 = {
			isa = PBXGroup;
			children = (
				AD293E5B278430D500508A90 /* Wi-FiPassword */,
				AD293E6D278430D800508A90 /* Wi-FiPasswordTests */,
				AD293E77278430D800508A90 /* Wi-FiPasswordUITests */,
				AD293E5A278430D500508A90 /* Products */,
			);
			sourceTree = "<group>";
		};
		AD293E5A278430D500508A90 /* Products */ = {
			isa = PBXGroup;
			children = (
				AD293E59278430D500508A90 /* Wi-FiPassword.app */,
				AD293E6A278430D800508A90 /* Wi-FiPasswordTests.xctest */,
				AD293E74278430D800508A90 /* Wi-FiPasswordUITests.xctest */,
			);
			name = Products;
			sourceTree = "<group>";
		};
		AD293E5B278430D500508A90 /* Wi-FiPassword */ = {
			isa = PBXGroup;
			children = (
				AD293E87278469ED00508A90 /* Info.plist */,
				AD293EA22785851E00508A90 /* Extension */,
				AD293E8827846C9D00508A90 /* Tools */,
				AD293E5C278430D500508A90 /* Wi_FiPasswordApp.swift */,
				AD293E99278478A300508A90 /* View */,
				AD293E952784713800508A90 /* Functions.swift */,
				AD293E9E2785835C00508A90 /* SizePreferenceKey.swift */,
				AD293E60278430D700508A90 /* Assets.xcassets */,
				AD293E65278430D700508A90 /* Wi_FiPassword.entitlements */,
				AD293E62278430D700508A90 /* Preview Content */,
			);
			path = "Wi-FiPassword";
			sourceTree = "<group>";
		};
		AD293E62278430D700508A90 /* Preview Content */ = {
			isa = PBXGroup;
			children = (
				AD293E63278430D700508A90 /* Preview Assets.xcassets */,
			);
			path = "Preview Content";
			sourceTree = "<group>";
		};
		AD293E6D278430D800508A90 /* Wi-FiPasswordTests */ = {
			isa = PBXGroup;
			children = (
				AD293E6E278430D800508A90 /* Wi_FiPasswordTests.swift */,
			);
			path = "Wi-FiPasswordTests";
			sourceTree = "<group>";
		};
		AD293E77278430D800508A90 /* Wi-FiPasswordUITests */ = {
			isa = PBXGroup;
			children = (
				AD293E78278430D800508A90 /* Wi_FiPasswordUITests.swift */,
				AD293E7A278430D800508A90 /* Wi_FiPasswordUITestsLaunchTests.swift */,
			);
			path = "Wi-FiPasswordUITests";
			sourceTree = "<group>";
		};
		AD293E8827846C9D00508A90 /* Tools */ = {
			isa = PBXGroup;
			children = (
				AD293E8927846CBB00508A90 /* AppError.swift */,
				AD293E8D27846ECB00508A90 /* WiFiHelper.swift */,
				AD293E9127846F4000508A90 /* QRCode.swift */,
			);
			path = Tools;
			sourceTree = "<group>";
		};
		AD293E99278478A300508A90 /* View */ = {
			isa = PBXGroup;
			children = (
				AD293E5E278430D600508A90 /* ContentView.swift */,
				AD293E9A278478C100508A90 /* WiFiInfoView.swift */,
			);
			path = View;
			sourceTree = "<group>";
		};
		AD293EA22785851E00508A90 /* Extension */ = {
			isa = PBXGroup;
			children = (
				AD293EA32785854600508A90 /* View+Snapshot.swift */,
				AD293EA72785879800508A90 /* NSImage+Extension.swift */,
			);
			path = Extension;
			sourceTree = "<group>";
		};
/* End PBXGroup section */

/* Begin PBXNativeTarget section */
		AD293E58278430D500508A90 /* Wi-FiPassword */ = {
			isa = PBXNativeTarget;
			buildConfigurationList = AD293E7E278430D800508A90 /* Build configuration list for PBXNativeTarget "Wi-FiPassword" */;
			buildPhases = (
				AD293E55278430D500508A90 /* Sources */,
				AD293E56278430D500508A90 /* Frameworks */,
				AD293E57278430D500508A90 /* Resources */,
			);
			buildRules = (
			);
			dependencies = (
			);
			name = "Wi-FiPassword";
			productName = "Wi-FiPassword";
			productReference = AD293E59278430D500508A90 /* Wi-FiPassword.app */;
			productType = "com.apple.product-type.application";
		};
		AD293E69278430D800508A90 /* Wi-FiPasswordTests */ = {
			isa = PBXNativeTarget;
			buildConfigurationList = AD293E81278430D800508A90 /* Build configuration list for PBXNativeTarget "Wi-FiPasswordTests" */;
			buildPhases = (
				AD293E66278430D800508A90 /* Sources */,
				AD293E67278430D800508A90 /* Frameworks */,
				AD293E68278430D800508A90 /* Resources */,
			);
			buildRules = (
			);
			dependencies = (
				AD293E6C278430D800508A90 /* PBXTargetDependency */,
			);
			name = "Wi-FiPasswordTests";
			productName = "Wi-FiPasswordTests";
			productReference = AD293E6A278430D800508A90 /* Wi-FiPasswordTests.xctest */;
			productType = "com.apple.product-type.bundle.unit-test";
		};
		AD293E73278430D800508A90 /* Wi-FiPasswordUITests */ = {
			isa = PBXNativeTarget;
			buildConfigurationList = AD293E84278430D800508A90 /* Build configuration list for PBXNativeTarget "Wi-FiPasswordUITests" */;
			buildPhases = (
				AD293E70278430D800508A90 /* Sources */,
				AD293E71278430D800508A90 /* Frameworks */,
				AD293E72278430D800508A90 /* Resources */,
			);
			buildRules = (
			);
			dependencies = (
				AD293E76278430D800508A90 /* PBXTargetDependency */,
			);
			name = "Wi-FiPasswordUITests";
			productName = "Wi-FiPasswordUITests";
			productReference = AD293E74278430D800508A90 /* Wi-FiPasswordUITests.xctest */;
			productType = "com.apple.product-type.bundle.ui-testing";
		};
/* End PBXNativeTarget section */

/* Begin PBXProject section */
		AD293E51278430D500508A90 /* Project object */ = {
			isa = PBXProject;
			attributes = {
				BuildIndependentTargetsInParallel = 1;
				LastSwiftUpdateCheck = 1310;
				LastUpgradeCheck = 1310;
				TargetAttributes = {
					AD293E58278430D500508A90 = {
						CreatedOnToolsVersion = 13.1;
					};
					AD293E69278430D800508A90 = {
						CreatedOnToolsVersion = 13.1;
						TestTargetID = AD293E58278430D500508A90;
					};
					AD293E73278430D800508A90 = {
						CreatedOnToolsVersion = 13.1;
						TestTargetID = AD293E58278430D500508A90;
					};
				};
			};
			buildConfigurationList = AD293E54278430D500508A90 /* Build configuration list for PBXProject "Wi-FiPassword" */;
			compatibilityVersion = "Xcode 13.0";
			developmentRegion = en;
			hasScannedForEncodings = 0;
			knownRegions = (
				en,
				Base,
			);
			mainGroup = AD293E50278430D500508A90;
			productRefGroup = AD293E5A278430D500508A90 /* Products */;
			projectDirPath = "";
			projectRoot = "";
			targets = (
				AD293E58278430D500508A90 /* Wi-FiPassword */,
				AD293E69278430D800508A90 /* Wi-FiPasswordTests */,
				AD293E73278430D800508A90 /* Wi-FiPasswordUITests */,
			);
		};
/* End PBXProject section */

/* Begin PBXResourcesBuildPhase section */
		AD293E57278430D500508A90 /* Resources */ = {
			isa = PBXResourcesBuildPhase;
			buildActionMask = 2147483647;
			files = (
				AD293E64278430D700508A90 /* Preview Assets.xcassets in Resources */,
				AD293E61278430D700508A90 /* Assets.xcassets in Resources */,
			);
			runOnlyForDeploymentPostprocessing = 0;
		};
		AD293E68278430D800508A90 /* Resources */ = {
			isa = PBXResourcesBuildPhase;
			buildActionMask = 2147483647;
			files = (
			);
			runOnlyForDeploymentPostprocessing = 0;
		};
		AD293E72278430D800508A90 /* Resources */ = {
			isa = PBXResourcesBuildPhase;
			buildActionMask = 2147483647;
			files = (
			);
			runOnlyForDeploymentPostprocessing = 0;
		};
/* End PBXResourcesBuildPhase section */

/* Begin PBXSourcesBuildPhase section */
		AD293E55278430D500508A90 /* Sources */ = {
			isa = PBXSourcesBuildPhase;
			buildActionMask = 2147483647;
			files = (
				AD293E5F278430D600508A90 /* ContentView.swift in Sources */,
				AD293EA42785854600508A90 /* View+Snapshot.swift in Sources */,
				AD293EA82785879800508A90 /* NSImage+Extension.swift in Sources */,
				AD293E9B278478C100508A90 /* WiFiInfoView.swift in Sources */,
				AD293E5D278430D600508A90 /* Wi_FiPasswordApp.swift in Sources */,
				AD293E8E27846ECC00508A90 /* WiFiHelper.swift in Sources */,
				AD293E8A27846CBB00508A90 /* AppError.swift in Sources */,
				AD293E9F2785835C00508A90 /* SizePreferenceKey.swift in Sources */,
				AD293E9227846F4000508A90 /* QRCode.swift in Sources */,
				AD293E962784713800508A90 /* Functions.swift in Sources */,
			);
			runOnlyForDeploymentPostprocessing = 0;
		};
		AD293E66278430D800508A90 /* Sources */ = {
			isa = PBXSourcesBuildPhase;
			buildActionMask = 2147483647;
			files = (
				AD293EA02785835C00508A90 /* SizePreferenceKey.swift in Sources */,
				AD293E8B27846CBB00508A90 /* AppError.swift in Sources */,
				AD293EA92785879800508A90 /* NSImage+Extension.swift in Sources */,
				AD293E9327846F4000508A90 /* QRCode.swift in Sources */,
				AD293E6F278430D800508A90 /* Wi_FiPasswordTests.swift in Sources */,
				AD293EA52785854600508A90 /* View+Snapshot.swift in Sources */,
				AD293E972784713800508A90 /* Functions.swift in Sources */,
				AD293E8F27846ECC00508A90 /* WiFiHelper.swift in Sources */,
				AD293E9C278478C100508A90 /* WiFiInfoView.swift in Sources */,
			);
			runOnlyForDeploymentPostprocessing = 0;
		};
		AD293E70278430D800508A90 /* Sources */ = {
			isa = PBXSourcesBuildPhase;
			buildActionMask = 2147483647;
			files = (
				AD293E7B278430D800508A90 /* Wi_FiPasswordUITestsLaunchTests.swift in Sources */,
				AD293EA62785854600508A90 /* View+Snapshot.swift in Sources */,
				AD293EAA2785879800508A90 /* NSImage+Extension.swift in Sources */,
				AD293E9D278478C100508A90 /* WiFiInfoView.swift in Sources */,
				AD293E79278430D800508A90 /* Wi_FiPasswordUITests.swift in Sources */,
				AD293E9027846ECC00508A90 /* WiFiHelper.swift in Sources */,
				AD293E8C27846CBB00508A90 /* AppError.swift in Sources */,
				AD293EA12785835C00508A90 /* SizePreferenceKey.swift in Sources */,
				AD293E9427846F4000508A90 /* QRCode.swift in Sources */,
				AD293E982784713800508A90 /* Functions.swift in Sources */,
			);
			runOnlyForDeploymentPostprocessing = 0;
		};
/* End PBXSourcesBuildPhase section */

/* Begin PBXTargetDependency section */
		AD293E6C278430D800508A90 /* PBXTargetDependency */ = {
			isa = PBXTargetDependency;
			target = AD293E58278430D500508A90 /* Wi-FiPassword */;
			targetProxy = AD293E6B278430D800508A90 /* PBXContainerItemProxy */;
		};
		AD293E76278430D800508A90 /* PBXTargetDependency */ = {
			isa = PBXTargetDependency;
			target = AD293E58278430D500508A90 /* Wi-FiPassword */;
			targetProxy = AD293E75278430D800508A90 /* PBXContainerItemProxy */;
		};
/* End PBXTargetDependency section */

/* Begin XCBuildConfiguration section */
		AD293E7C278430D800508A90 /* Debug */ = {
			isa = XCBuildConfiguration;
			buildSettings = {
				ALWAYS_SEARCH_USER_PATHS = NO;
				CLANG_ANALYZER_NONNULL = YES;
				CLANG_ANALYZER_NUMBER_OBJECT_CONVERSION = YES_AGGRESSIVE;
				CLANG_CXX_LANGUAGE_STANDARD = "gnu++17";
				CLANG_CXX_LIBRARY = "libc++";
				CLANG_ENABLE_MODULES = YES;
				CLANG_ENABLE_OBJC_ARC = YES;
				CLANG_ENABLE_OBJC_WEAK = YES;
				CLANG_WARN_BLOCK_CAPTURE_AUTORELEASING = YES;
				CLANG_WARN_BOOL_CONVERSION = YES;
				CLANG_WARN_COMMA = YES;
				CLANG_WARN_CONSTANT_CONVERSION = YES;
				CLANG_WARN_DEPRECATED_OBJC_IMPLEMENTATIONS = YES;
				CLANG_WARN_DIRECT_OBJC_ISA_USAGE = YES_ERROR;
				CLANG_WARN_DOCUMENTATION_COMMENTS = YES;
				CLANG_WARN_EMPTY_BODY = YES;
				CLANG_WARN_ENUM_CONVERSION = YES;
				CLANG_WARN_INFINITE_RECURSION = YES;
				CLANG_WARN_INT_CONVERSION = YES;
				CLANG_WARN_NON_LITERAL_NULL_CONVERSION = YES;
				CLANG_WARN_OBJC_IMPLICIT_RETAIN_SELF = YES;
				CLANG_WARN_OBJC_LITERAL_CONVERSION = YES;
				CLANG_WARN_OBJC_ROOT_CLASS = YES_ERROR;
				CLANG_WARN_QUOTED_INCLUDE_IN_FRAMEWORK_HEADER = YES;
				CLANG_WARN_RANGE_LOOP_ANALYSIS = YES;
				CLANG_WARN_STRICT_PROTOTYPES = YES;
				CLANG_WARN_SUSPICIOUS_MOVE = YES;
				CLANG_WARN_UNGUARDED_AVAILABILITY = YES_AGGRESSIVE;
				CLANG_WARN_UNREACHABLE_CODE = YES;
				CLANG_WARN__DUPLICATE_METHOD_MATCH = YES;
				COPY_PHASE_STRIP = NO;
				DEBUG_INFORMATION_FORMAT = dwarf;
				ENABLE_STRICT_OBJC_MSGSEND = YES;
				ENABLE_TESTABILITY = YES;
				GCC_C_LANGUAGE_STANDARD = gnu11;
				GCC_DYNAMIC_NO_PIC = NO;
				GCC_NO_COMMON_BLOCKS = YES;
				GCC_OPTIMIZATION_LEVEL = 0;
				GCC_PREPROCESSOR_DEFINITIONS = (
					"DEBUG=1",
					"$(inherited)",
				);
				GCC_WARN_64_TO_32_BIT_CONVERSION = YES;
				GCC_WARN_ABOUT_RETURN_TYPE = YES_ERROR;
				GCC_WARN_UNDECLARED_SELECTOR = YES;
				GCC_WARN_UNINITIALIZED_AUTOS = YES_AGGRESSIVE;
				GCC_WARN_UNUSED_FUNCTION = YES;
				GCC_WARN_UNUSED_VARIABLE = YES;
				MACOSX_DEPLOYMENT_TARGET = 12.0;
				MTL_ENABLE_DEBUG_INFO = INCLUDE_SOURCE;
				MTL_FAST_MATH = YES;
				ONLY_ACTIVE_ARCH = YES;
				SDKROOT = macosx;
				SWIFT_ACTIVE_COMPILATION_CONDITIONS = DEBUG;
				SWIFT_OPTIMIZATION_LEVEL = "-Onone";
			};
			name = Debug;
		};
		AD293E7D278430D800508A90 /* Release */ = {
			isa = XCBuildConfiguration;
			buildSettings = {
				ALWAYS_SEARCH_USER_PATHS = NO;
				CLANG_ANALYZER_NONNULL = YES;
				CLANG_ANALYZER_NUMBER_OBJECT_CONVERSION = YES_AGGRESSIVE;
				CLANG_CXX_LANGUAGE_STANDARD = "gnu++17";
				CLANG_CXX_LIBRARY = "libc++";
				CLANG_ENABLE_MODULES = YES;
				CLANG_ENABLE_OBJC_ARC = YES;
				CLANG_ENABLE_OBJC_WEAK = YES;
				CLANG_WARN_BLOCK_CAPTURE_AUTORELEASING = YES;
				CLANG_WARN_BOOL_CONVERSION = YES;
				CLANG_WARN_COMMA = YES;
				CLANG_WARN_CONSTANT_CONVERSION = YES;
				CLANG_WARN_DEPRECATED_OBJC_IMPLEMENTATIONS = YES;
				CLANG_WARN_DIRECT_OBJC_ISA_USAGE = YES_ERROR;
				CLANG_WARN_DOCUMENTATION_COMMENTS = YES;
				CLANG_WARN_EMPTY_BODY = YES;
				CLANG_WARN_ENUM_CONVERSION = YES;
				CLANG_WARN_INFINITE_RECURSION = YES;
				CLANG_WARN_INT_CONVERSION = YES;
				CLANG_WARN_NON_LITERAL_NULL_CONVERSION = YES;
				CLANG_WARN_OBJC_IMPLICIT_RETAIN_SELF = YES;
				CLANG_WARN_OBJC_LITERAL_CONVERSION = YES;
				CLANG_WARN_OBJC_ROOT_CLASS = YES_ERROR;
				CLANG_WARN_QUOTED_INCLUDE_IN_FRAMEWORK_HEADER = YES;
				CLANG_WARN_RANGE_LOOP_ANALYSIS = YES;
				CLANG_WARN_STRICT_PROTOTYPES = YES;
				CLANG_WARN_SUSPICIOUS_MOVE = YES;
				CLANG_WARN_UNGUARDED_AVAILABILITY = YES_AGGRESSIVE;
				CLANG_WARN_UNREACHABLE_CODE = YES;
				CLANG_WARN__DUPLICATE_METHOD_MATCH = YES;
				COPY_PHASE_STRIP = NO;
				DEBUG_INFORMATION_FORMAT = "dwarf-with-dsym";
				ENABLE_NS_ASSERTIONS = NO;
				ENABLE_STRICT_OBJC_MSGSEND = YES;
				GCC_C_LANGUAGE_STANDARD = gnu11;
				GCC_NO_COMMON_BLOCKS = YES;
				GCC_WARN_64_TO_32_BIT_CONVERSION = YES;
				GCC_WARN_ABOUT_RETURN_TYPE = YES_ERROR;
				GCC_WARN_UNDECLARED_SELECTOR = YES;
				GCC_WARN_UNINITIALIZED_AUTOS = YES_AGGRESSIVE;
				GCC_WARN_UNUSED_FUNCTION = YES;
				GCC_WARN_UNUSED_VARIABLE = YES;
				MACOSX_DEPLOYMENT_TARGET = 12.0;
				MTL_ENABLE_DEBUG_INFO = NO;
				MTL_FAST_MATH = YES;
				SDKROOT = macosx;
				SWIFT_COMPILATION_MODE = wholemodule;
				SWIFT_OPTIMIZATION_LEVEL = "-O";
			};
			name = Release;
		};
		AD293E7F278430D800508A90 /* Debug */ = {
			isa = XCBuildConfiguration;
			buildSettings = {
				ASSETCATALOG_COMPILER_APPICON_NAME = AppIcon;
				ASSETCATALOG_COMPILER_GLOBAL_ACCENT_COLOR_NAME = AccentColor;
				CODE_SIGN_ENTITLEMENTS = "Wi-FiPassword/Wi_FiPassword.entitlements";
				CODE_SIGN_STYLE = Automatic;
				COMBINE_HIDPI_IMAGES = YES;
				CURRENT_PROJECT_VERSION = 1;
				DEVELOPMENT_ASSET_PATHS = "\"Wi-FiPassword/Preview Content\"";
				DEVELOPMENT_TEAM = YM9U6GJ233;
				ENABLE_HARDENED_RUNTIME = YES;
				ENABLE_PREVIEWS = YES;
				GENERATE_INFOPLIST_FILE = YES;
				INFOPLIST_FILE = "Wi-FiPassword/Info.plist";
				INFOPLIST_KEY_NSHumanReadableCopyright = "";
				LD_RUNPATH_SEARCH_PATHS = (
					"$(inherited)",
					"@executable_path/../Frameworks",
				);
				MARKETING_VERSION = 1.0;
				PRODUCT_BUNDLE_IDENTIFIER = "com.derekchan.Wi-FiPassword";
				PRODUCT_NAME = "$(TARGET_NAME)";
				SWIFT_EMIT_LOC_STRINGS = YES;
				SWIFT_VERSION = 5.0;
			};
			name = Debug;
		};
		AD293E80278430D800508A90 /* Release */ = {
			isa = XCBuildConfiguration;
			buildSettings = {
				ASSETCATALOG_COMPILER_APPICON_NAME = AppIcon;
				ASSETCATALOG_COMPILER_GLOBAL_ACCENT_COLOR_NAME = AccentColor;
				CODE_SIGN_ENTITLEMENTS = "Wi-FiPassword/Wi_FiPassword.entitlements";
				CODE_SIGN_STYLE = Automatic;
				COMBINE_HIDPI_IMAGES = YES;
				CURRENT_PROJECT_VERSION = 1;
				DEVELOPMENT_ASSET_PATHS = "\"Wi-FiPassword/Preview Content\"";
				DEVELOPMENT_TEAM = YM9U6GJ233;
				ENABLE_HARDENED_RUNTIME = YES;
				ENABLE_PREVIEWS = YES;
				GENERATE_INFOPLIST_FILE = YES;
				INFOPLIST_FILE = "Wi-FiPassword/Info.plist";
				INFOPLIST_KEY_NSHumanReadableCopyright = "";
				LD_RUNPATH_SEARCH_PATHS = (
					"$(inherited)",
					"@executable_path/../Frameworks",
				);
				MARKETING_VERSION = 1.0;
				PRODUCT_BUNDLE_IDENTIFIER = "com.derekchan.Wi-FiPassword";
				PRODUCT_NAME = "$(TARGET_NAME)";
				SWIFT_EMIT_LOC_STRINGS = YES;
				SWIFT_VERSION = 5.0;
			};
			name = Release;
		};
		AD293E82278430D800508A90 /* Debug */ = {
			isa = XCBuildConfiguration;
			buildSettings = {
				ALWAYS_EMBED_SWIFT_STANDARD_LIBRARIES = YES;
				BUNDLE_LOADER = "$(TEST_HOST)";
				CODE_SIGN_STYLE = Automatic;
				COMBINE_HIDPI_IMAGES = YES;
				CURRENT_PROJECT_VERSION = 1;
				DEVELOPMENT_TEAM = YM9U6GJ233;
				GENERATE_INFOPLIST_FILE = YES;
				LD_RUNPATH_SEARCH_PATHS = (
					"$(inherited)",
					"@executable_path/../Frameworks",
					"@loader_path/../Frameworks",
				);
				MACOSX_DEPLOYMENT_TARGET = 12.0;
				MARKETING_VERSION = 1.0;
				PRODUCT_BUNDLE_IDENTIFIER = "com.derekchan.Wi-FiPasswordTests";
				PRODUCT_NAME = "$(TARGET_NAME)";
				SWIFT_EMIT_LOC_STRINGS = NO;
				SWIFT_VERSION = 5.0;
				TEST_HOST = "$(BUILT_PRODUCTS_DIR)/Wi-FiPassword.app/Contents/MacOS/Wi-FiPassword";
			};
			name = Debug;
		};
		AD293E83278430D800508A90 /* Release */ = {
			isa = XCBuildConfiguration;
			buildSettings = {
				ALWAYS_EMBED_SWIFT_STANDARD_LIBRARIES = YES;
				BUNDLE_LOADER = "$(TEST_HOST)";
				CODE_SIGN_STYLE = Automatic;
				COMBINE_HIDPI_IMAGES = YES;
				CURRENT_PROJECT_VERSION = 1;
				DEVELOPMENT_TEAM = YM9U6GJ233;
				GENERATE_INFOPLIST_FILE = YES;
				LD_RUNPATH_SEARCH_PATHS = (
					"$(inherited)",
					"@executable_path/../Frameworks",
					"@loader_path/../Frameworks",
				);
				MACOSX_DEPLOYMENT_TARGET = 12.0;
				MARKETING_VERSION = 1.0;
				PRODUCT_BUNDLE_IDENTIFIER = "com.derekchan.Wi-FiPasswordTests";
				PRODUCT_NAME = "$(TARGET_NAME)";
				SWIFT_EMIT_LOC_STRINGS = NO;
				SWIFT_VERSION = 5.0;
				TEST_HOST = "$(BUILT_PRODUCTS_DIR)/Wi-FiPassword.app/Contents/MacOS/Wi-FiPassword";
			};
			name = Release;
		};
		AD293E85278430D800508A90 /* Debug */ = {
			isa = XCBuildConfiguration;
			buildSettings = {
				ALWAYS_EMBED_SWIFT_STANDARD_LIBRARIES = YES;
				CODE_SIGN_STYLE = Automatic;
				COMBINE_HIDPI_IMAGES = YES;
				CURRENT_PROJECT_VERSION = 1;
				DEVELOPMENT_TEAM = YM9U6GJ233;
				GENERATE_INFOPLIST_FILE = YES;
				LD_RUNPATH_SEARCH_PATHS = (
					"$(inherited)",
					"@executable_path/../Frameworks",
					"@loader_path/../Frameworks",
				);
				MARKETING_VERSION = 1.0;
				PRODUCT_BUNDLE_IDENTIFIER = "com.derekchan.Wi-FiPasswordUITests";
				PRODUCT_NAME = "$(TARGET_NAME)";
				SWIFT_EMIT_LOC_STRINGS = NO;
				SWIFT_VERSION = 5.0;
				TEST_TARGET_NAME = "Wi-FiPassword";
			};
			name = Debug;
		};
		AD293E86278430D800508A90 /* Release */ = {
			isa = XCBuildConfiguration;
			buildSettings = {
				ALWAYS_EMBED_SWIFT_STANDARD_LIBRARIES = YES;
				CODE_SIGN_STYLE = Automatic;
				COMBINE_HIDPI_IMAGES = YES;
				CURRENT_PROJECT_VERSION = 1;
				DEVELOPMENT_TEAM = YM9U6GJ233;
				GENERATE_INFOPLIST_FILE = YES;
				LD_RUNPATH_SEARCH_PATHS = (
					"$(inherited)",
					"@executable_path/../Frameworks",
					"@loader_path/../Frameworks",
				);
				MARKETING_VERSION = 1.0;
				PRODUCT_BUNDLE_IDENTIFIER = "com.derekchan.Wi-FiPasswordUITests";
				PRODUCT_NAME = "$(TARGET_NAME)";
				SWIFT_EMIT_LOC_STRINGS = NO;
				SWIFT_VERSION = 5.0;
				TEST_TARGET_NAME = "Wi-FiPassword";
			};
			name = Release;
		};
/* End XCBuildConfiguration section */

/* Begin XCConfigurationList section */
		AD293E54278430D500508A90 /* Build configuration list for PBXProject "Wi-FiPassword" */ = {
			isa = XCConfigurationList;
			buildConfigurations = (
				AD293E7C278430D800508A90 /* Debug */,
				AD293E7D278430D800508A90 /* Release */,
			);
			defaultConfigurationIsVisible = 0;
			defaultConfigurationName = Release;
		};
		AD293E7E278430D800508A90 /* Build configuration list for PBXNativeTarget "Wi-FiPassword" */ = {
			isa = XCConfigurationList;
			buildConfigurations = (
				AD293E7F278430D800508A90 /* Debug */,
				AD293E80278430D800508A90 /* Release */,
			);
			defaultConfigurationIsVisible = 0;
			defaultConfigurationName = Release;
		};
		AD293E81278430D800508A90 /* Build configuration list for PBXNativeTarget "Wi-FiPasswordTests" */ = {
			isa = XCConfigurationList;
			buildConfigurations = (
				AD293E82278430D800508A90 /* Debug */,
				AD293E83278430D800508A90 /* Release */,
			);
			defaultConfigurationIsVisible = 0;
			defaultConfigurationName = Release;
		};
		AD293E84278430D800508A90 /* Build configuration list for PBXNativeTarget "Wi-FiPasswordUITests" */ = {
			isa = XCConfigurationList;
			buildConfigurations = (
				AD293E85278430D800508A90 /* Debug */,
				AD293E86278430D800508A90 /* Release */,
			);
			defaultConfigurationIsVisible = 0;
			defaultConfigurationName = Release;
		};
/* End XCConfigurationList section */
	};
	rootObject = AD293E51278430D500508A90 /* Project object */;
}
